
Microsoft Visual Studio Solution File, Format Version 11.00
# Visual Studio 2010
# SharpDevelop 4.4
Project("{FAE04EC0-301F-11D3-BF4B-00C04F79EFBC}") = "nkNameFlip", "nkNameFlip.csproj", "{C1A08AA0-525D-43B1-948C-CAC573B16EED}"
EndProject
Global
	GlobalSection(SolutionConfigurationPlatforms) = preSolution
		Debug|Any CPU = Debug|Any CPU
		Release|Any CPU = Release|Any CPU
	EndGlobalSection
	GlobalSection(ProjectConfigurationPlatforms) = postSolution
		{C1A08AA0-525D-43B1-948C-CAC573B16EED}.Debug|Any CPU.Build.0 = Debug|Any CPU
		{C1A08AA0-525D-43B1-948C-CAC573B16EED}.Debug|Any CPU.ActiveCfg = Debug|Any CPU
		{C1A08AA0-525D-43B1-948C-CAC573B16EED}.Release|Any CPU.Build.0 = Release|Any CPU
		{C1A08AA0-525D-43B1-948C-CAC573B16EED}.Release|Any CPU.ActiveCfg = Release|Any CPU
	EndGlobalSection
EndGlobal
